<?xml version="1.0" encoding="utf-8"?>
<Project ToolsVersion="4.0" xmlns="http://schemas.microsoft.com/developer/msbuild/2003">
  <ItemGroup>
    <Filter Include="Source Files">
      <UniqueIdentifier>{4FC737F1-C7A5-4376-A066-2A32D752A2FF}</UniqueIdentifier>
      <Extensions>cpp;c;cc;cxx;c++;cppm;ixx;def;odl;idl;hpj;bat;asm;asmx</Extensions>
    </Filter>
    <Filter Include="Header Files">
      <UniqueIdentifier>{93995380-89BD-4b04-88EB-625FBE52EBFB}</UniqueIdentifier>
      <Extensions>h;hh;hpp;hxx;h++;hm;inl;inc;ipp;xsd</Extensions>
    </Filter>
    <Filter Include="Resource Files">
      <UniqueIdentifier>{67DA6AB6-F800-4c08-8B7A-83BB121AAD01}</UniqueIdentifier>
      <Extensions>rc;ico;cur;bmp;dlg;rc2;rct;bin;rgs;gif;jpg;jpeg;jpe;resx;tiff;tif;png;wav;mfcribbon-ms</Extensions>
    </Filter>
    <Filter Include="Header Files\Point">
      <UniqueIdentifier>{eacf3d11-eb14-4161-8ca5-9e61790ea128}</UniqueIdentifier>
    </Filter>
    <Filter Include="Header Files\Group">
      <UniqueIdentifier>{22856bcc-a1d7-49a6-b639-457192854ecc}</UniqueIdentifier>
    </Filter>
    <Filter Include="Header Files\Queue">
      <UniqueIdentifier>{63df050c-cb68-4fe0-af8b-45e41c44e6eb}</UniqueIdentifier>
    </Filter>
    <Filter Include="Source Files\MapContainer">
      <UniqueIdentifier>{96475d33-a088-43b3-8451-14b48bf29b0e}</UniqueIdentifier>
    </Filter>
    <Filter Include="Source Files\Bitset">
      <UniqueIdentifier>{238c4f1c-9162-45e0-af01-71e848d80a4d}</UniqueIdentifier>
    </Filter>
    <Filter Include="Header Files\OOP">
      <UniqueIdentifier>{5f20cd91-1d8b-4c13-8f4f-33ad23daf447}</UniqueIdentifier>
    </Filter>
    <Filter Include="Source Files\File handling">
      <UniqueIdentifier>{b916fda6-6394-4454-acc3-57e105b934b8}</UniqueIdentifier>
    </Filter>
    <Filter Include="Source Files\Exception">
      <UniqueIdentifier>{fd31d33d-11b5-4920-abc8-bbb2c91b825a}</UniqueIdentifier>
    </Filter>
    <Filter Include="Header Files\Codeforce">
      <UniqueIdentifier>{f772ed3e-f059-4f52-af35-e7682e4c6ce4}</UniqueIdentifier>
    </Filter>
    <Filter Include="Source Files\Greedy Algorithm">
      <UniqueIdentifier>{83f0d4d9-addd-4ddd-9f85-a51a4fae2021}</UniqueIdentifier>
    </Filter>
    <Filter Include="Source Files\Custom">
      <UniqueIdentifier>{823b0707-9b09-445c-a877-0cbb787a36b8}</UniqueIdentifier>
    </Filter>
  </ItemGroup>
  <ItemGroup>
    <ClCompile Include="People.h">
      <Filter>Header Files\Group</Filter>
    </ClCompile>
    <ClCompile Include="Family.h">
      <Filter>Header Files\Group</Filter>
    </ClCompile>
    <ClCompile Include="Group.h">
      <Filter>Header Files\Group</Filter>
    </ClCompile>
    <ClCompile Include="Person.h">
      <Filter>Header Files\OOP</Filter>
    </ClCompile>
    <ClCompile Include="Book.h">
      <Filter>Header Files\OOP</Filter>
    </ClCompile>
    <ClCompile Include="Children.h">
      <Filter>Header Files\OOP</Filter>
    </ClCompile>
    <ClCompile Include="Adult.h">
      <Filter>Header Files\OOP</Filter>
    </ClCompile>
    <ClCompile Include="Testcase.cpp">
      <Filter>Header Files\OOP</Filter>
    </ClCompile>
    <ClCompile Include="BinarySearchTree.cpp">
      <Filter>Header Files\Point</Filter>
    </ClCompile>
    <ClCompile Include="Stack.cpp">
      <Filter>Header Files\Point</Filter>
    </ClCompile>
    <ClCompile Include="removelement.cpp">
      <Filter>Header Files\Point</Filter>
    </ClCompile>
    <ClCompile Include="firstNegative.cpp">
      <Filter>Header Files\Queue</Filter>
    </ClCompile>
    <ClCompile Include="rotOrange.cpp">
      <Filter>Header Files\Queue</Filter>
    </ClCompile>
    <ClCompile Include="Map1.cpp">
      <Filter>Source Files\MapContainer</Filter>
    </ClCompile>
    <ClCompile Include="Map2.cpp">
      <Filter>Source Files\MapContainer</Filter>
    </ClCompile>
    <ClCompile Include="Map3.cpp">
      <Filter>Source Files\MapContainer</Filter>
    </ClCompile>
    <ClCompile Include="Bitset1.cpp">
      <Filter>Source Files\Bitset</Filter>
    </ClCompile>
    <ClCompile Include="Bitset2.cpp">
      <Filter>Source Files\Bitset</Filter>
    </ClCompile>
    <ClCompile Include="FileHandling%28C++ standard%29.cpp">
      <Filter>Source Files\File handling</Filter>
    </ClCompile>
    <ClCompile Include="File2.cpp">
      <Filter>Source Files\File handling</Filter>
    </ClCompile>
    <ClCompile Include="File3.cpp">
      <Filter>Source Files\File handling</Filter>
    </ClCompile>
    <ClCompile Include="Exception1.cpp">
      <Filter>Source Files\Exception</Filter>
    </ClCompile>
    <ClCompile Include="Lambda.cpp">
      <Filter>Source Files</Filter>
    </ClCompile>
    <ClCompile Include="maxRevenue.cpp">
      <Filter>Source Files</Filter>
    </ClCompile>
    <ClCompile Include="759ProblemA.cpp">
      <Filter>Header Files\Codeforce</Filter>
    </ClCompile>
    <ClCompile Include="Greedy1.cpp">
      <Filter>Source Files\Greedy Algorithm</Filter>
    </ClCompile>
    <ClCompile Include="Testcase1.cpp">
      <Filter>Source Files\Custom</Filter>
    </ClCompile>
    <ClCompile Include="Testcase2.cpp">
      <Filter>Source Files\Custom</Filter>
    </ClCompile>
    <ClCompile Include="Testcase3.cpp">
      <Filter>Source Files\Custom</Filter>
    </ClCompile>
    <ClCompile Include="Testcase7.cpp">
      <Filter>Source Files\Custom</Filter>
    </ClCompile>
    <ClCompile Include="Testcase8.cpp">
      <Filter>Source Files\Custom</Filter>
    </ClCompile>
    <ClCompile Include="Testcase9.cpp">
      <Filter>Source Files\Custom</Filter>
    </ClCompile>
    <ClCompile Include="Testcase4.cpp">
      <Filter>Source Files\Custom</Filter>
    </ClCompile>
    <ClCompile Include="Testcase10.cpp">
      <Filter>Source Files\Custom</Filter>
    </ClCompile>
    <ClCompile Include="762ProblemB.cpp">
      <Filter>Header Files\Codeforce</Filter>
    </ClCompile>
    <ClCompile Include="762ProblemA.cpp">
      <Filter>Header Files\Codeforce</Filter>
    </ClCompile>
  </ItemGroup>
  <ItemGroup>
    <None Include="ClassDiagram.cd">
      <Filter>Header Files\OOP</Filter>
    </None>
  </ItemGroup>
</Project>