<?xml version="1.0" encoding="utf-8"?>
<Project ToolsVersion="4.0" xmlns="http://schemas.microsoft.com/developer/msbuild/2003">
  <ItemGroup>
    <Filter Include="Source Files">
      <UniqueIdentifier>{4FC737F1-C7A5-4376-A066-2A32D752A2FF}</UniqueIdentifier>
      <Extensions>cpp;c;cc;cxx;c++;cppm;ixx;def;odl;idl;hpj;bat;asm;asmx</Extensions>
    </Filter>
    <Filter Include="Header Files">
      <UniqueIdentifier>{93995380-89BD-4b04-88EB-625FBE52EBFB}</UniqueIdentifier>
      <Extensions>h;hh;hpp;hxx;h++;hm;inl;inc;ipp;xsd</Extensions>
    </Filter>
    <Filter Include="Resource Files">
      <UniqueIdentifier>{67DA6AB6-F800-4c08-8B7A-83BB121AAD01}</UniqueIdentifier>
      <Extensions>rc;ico;cur;bmp;dlg;rc2;rct;bin;rgs;gif;jpg;jpeg;jpe;resx;tiff;tif;png;wav;mfcribbon-ms</Extensions>
    </Filter>
    <Filter Include="Header Files\Excercise4">
      <UniqueIdentifier>{5f20cd91-1d8b-4c13-8f4f-33ad23daf447}</UniqueIdentifier>
    </Filter>
    <Filter Include="Header Files\Point">
      <UniqueIdentifier>{eacf3d11-eb14-4161-8ca5-9e61790ea128}</UniqueIdentifier>
    </Filter>
    <Filter Include="Header Files\Group">
      <UniqueIdentifier>{22856bcc-a1d7-49a6-b639-457192854ecc}</UniqueIdentifier>
    </Filter>
  </ItemGroup>
  <ItemGroup>
    <ClInclude Include="Fraction.cpp">
      <Filter>Source Files</Filter>
    </ClInclude>
  </ItemGroup>
  <ItemGroup>
    <ClCompile Include="People.cpp">
      <Filter>Header Files\Group</Filter>
    </ClCompile>
    <ClCompile Include="Family.cpp">
      <Filter>Header Files\Group</Filter>
    </ClCompile>
    <ClCompile Include="Group.cpp">
      <Filter>Header Files\Group</Filter>
    </ClCompile>
    <ClCompile Include="Person.h">
      <Filter>Header Files\Excercise4</Filter>
    </ClCompile>
    <ClCompile Include="Book.h">
      <Filter>Header Files\Excercise4</Filter>
    </ClCompile>
    <ClCompile Include="Children.h">
      <Filter>Header Files\Excercise4</Filter>
    </ClCompile>
    <ClCompile Include="Adult.h">
      <Filter>Header Files\Excercise4</Filter>
    </ClCompile>
    <ClCompile Include="Testcase.cpp">
      <Filter>Header Files\Excercise4</Filter>
    </ClCompile>
    <ClCompile Include="BinarySearchTree.cpp">
      <Filter>Header Files\Point</Filter>
    </ClCompile>
    <ClCompile Include="Stringstream.cpp">
      <Filter>Header Files\Excercise4</Filter>
    </ClCompile>
    <ClCompile Include="Stack.cpp">
      <Filter>Header Files\Point</Filter>
    </ClCompile>
    <ClCompile Include="removelement.cpp">
      <Filter>Header Files\Point</Filter>
    </ClCompile>
  </ItemGroup>
</Project>